// !$*UTF8*$!
{
	archiveVersion = 1;
	classes = {
	};
	objectVersion = 77;
	objects = {

/* Begin PBXContainerItemProxy section */
		CF5C973A301EAB9400CAC4C8 /* PBXContainerItemProxy */ = {
			isa = PBXContainerItemProxy;
			containerPortal = CF5C9721301EAB9000CAC4C8 /* Project object */;
			proxyType = 1;
			remoteGlobalIDString = CF5C9728301EAB9000CAC4C8;
			remoteInfo = "The Lab";
		};
		CF5C9744301EAB9500CAC4C8 /* PBXContainerItemProxy */ = {
			isa = PBXContainerItemProxy;
			containerPortal = CF5C9721301EAB9000CAC4C8 /* Project object */;
			proxyType = 1;
			remoteGlobalIDString = CF5C9728301EAB9000CAC4C8;
			remoteInfo = "The Lab";
		};
/* End PBXContainerItemProxy section */

/* Begin PBXFileReference section */
		CF5C9729301EAB9000CAC4C8 /* The Lab.app */ = {isa = PBXFileReference; explicitFileType = wrapper.application; includeInIndex = 0; path = "The Lab.app"; sourceTree = BUILT_PRODUCTS_DIR; };
		CF5C9739301EAB9400CAC4C8 /* The LabTests.xctest */ = {isa = PBXFileReference; explicitFileType = wrapper.cfbundle; includeInIndex = 0; path = "The LabTests.xctest"; sourceTree = BUILT_PRODUCTS_DIR; };
		CF5C9743301EAB9500CAC4C8 /* The LabUITests.xctest */ = {isa = PBXFileReference; explicitFileType = wrapper.cfbundle; includeInIndex = 0; path = "The LabUITests.xctest"; sourceTree = BUILT_PRODUCTS_DIR; };
/* End PBXFileReference section */

/* Begin PBXFileSystemSynchronizedRootGroup section */
		CF5C972B301EAB9000CAC4C8 /* The Lab */ = {
			isa = PBXFileSystemSynchronizedRootGroup;
			path = "The Lab";
			sourceTree = "<group>";
		};
		CF5C973C301EAB9400CAC4C8 /* The LabTests */ = {
			isa = PBXFileSystemSynchronizedRootGroup;
			path = "The LabTests";
			sourceTree = "<group>";
		};
		CF5C9746301EAB9500CAC4C8 /* The LabUITests */ = {
			isa = PBXFileSystemSynchronizedRootGroup;
			path = "The LabUITests";
			sourceTree = "<group>";
		};
/* End PBXFileSystemSynchronizedRootGroup section */

/* Begin PBXFrameworksBuildPhase section */
		CF5C9726301EAB9000CAC4C8 /* Frameworks */ = {
			isa = PBXFrameworksBuildPhase;
			buildActionMask = 2147483647;
			files = (
			);
			runOnlyForDeploymentPostprocessing = 0;
		};
		CF5C9736301EAB9400CAC4C8 /* Frameworks */ = {
			isa = PBXFrameworksBuildPhase;
			buildActionMask = 2147483647;
			files = (
			);
			runOnlyForDeploymentPostprocessing = 0;
		};
		CF5C9740301EAB9500CAC4C8 /* Frameworks */ = {
			isa = PBXFrameworksBuildPhase;
			buildActionMask = 2147483647;
			files = (
			);
			runOnlyForDeploymentPostprocessing = 0;
		};
/* End PBXFrameworksBuildPhase section */

/* Begin PBXGroup section */
		CF5C9720301EAB9000CAC4C8 = {
			isa = PBXGroup;
			children = (
				CF5C972B301EAB9000CAC4C8 /* The Lab */,
				CF5C973C301EAB9400CAC4C8 /* The LabTests */,
				CF5C9746301EAB9500CAC4C8 /* The LabUITests */,
				CF5C972A301EAB9000CAC4C8 /* Products */,
			);
			sourceTree = "<group>";
		};
		CF5C972A301EAB9000CAC4C8 /* Products */ = {
			isa = PBXGroup;
			children = (
				CF5C9729301EAB9000CAC4C8 /* The Lab.app */,
				CF5C9739301EAB9400CAC4C8 /* The LabTests.xctest */,
				CF5C9743301EAB9500CAC4C8 /* The LabUITests.xctest */,
			);
			name = Products;
			sourceTree = "<group>";
		};
/* End PBXGroup section */

/* Begin PBXNativeTarget section */
		CF5C9728301EAB9000CAC4C8 /* The Lab */ = {
			isa = PBXNativeTarget;
			buildConfigurationList = CF5C974D301EAB9500CAC4C8 /* Build configuration list for PBXNativeTarget "The Lab" */;
			buildPhases = (
				CF5C9725301EAB9000CAC4C8 /* Sources */,
				CF5C9726301EAB9000CAC4C8 /* Frameworks */,
				CF5C9727301EAB9000CAC4C8 /* Resources */,
			);
			buildRules = (
			);
			dependencies = (
			);
			fileSystemSynchronizedGroups = (
				CF5C972B301EAB9000CAC4C8 /* The Lab */,
			);
			name = "The Lab";
			packageProductDependencies = (
			);
			productName = "The Lab";
			productReference = CF5C9729301EAB9000CAC4C8 /* The Lab.app */;
			productType = "com.apple.product-type.application";
		};
		CF5C9738301EAB9400CAC4C8 /* The LabTests */ = {
			isa = PBXNativeTarget;
			buildConfigurationList = CF5C9750301EAB9500CAC4C8 /* Build configuration list for PBXNativeTarget "The LabTests" */;
			buildPhases = (
				CF5C9735301EAB9400CAC4C8 /* Sources */,
				CF5C9736301EAB9400CAC4C8 /* Frameworks */,
				CF5C9737301EAB9400CAC4C8 /* Resources */,
			);
			buildRules = (
			);
			dependencies = (
				CF5C973B301EAB9400CAC4C8 /* PBXTargetDependency */,
			);
			fileSystemSynchronizedGroups = (
				CF5C973C301EAB9400CAC4C8 /* The LabTests */,
			);
			name = "The LabTests";
			packageProductDependencies = (
			);
			productName = "The LabTests";
			productReference = CF5C9739301EAB9400CAC4C8 /* The LabTests.xctest */;
			productType = "com.apple.product-type.bundle.unit-test";
		};
		CF5C9742301EAB9500CAC4C8 /* The LabUITests */ = {
			isa = PBXNativeTarget;
			buildConfigurationList = CF5C9753301EAB9500CAC4C8 /* Build configuration list for PBXNativeTarget "The LabUITests" */;
			buildPhases = (
				CF5C973F301EAB9500CAC4C8 /* Sources */,
				CF5C9740301EAB9500CAC4C8 /* Frameworks */,
				CF5C9741301EAB9500CAC4C8 /* Resources */,
			);
			buildRules = (
			);
			dependencies = (
				CF5C9745301EAB9500CAC4C8 /* PBXTargetDependency */,
			);
			fileSystemSynchronizedGroups = (
				CF5C9746301EAB9500CAC4C8 /* The LabUITests */,
			);
			name = "The LabUITests";
			packageProductDependencies = (
			);
			productName = "The LabUITests";
			productReference = CF5C9743301EAB9500CAC4C8 /* The LabUITests.xctest */;
			productType = "com.apple.product-type.bundle.ui-testing";
		};
/* End PBXNativeTarget section */

/* Begin PBXProject section */
		CF5C9721301EAB9000CAC4C8 /* Project object */ = {
			isa = PBXProject;
			attributes = {
				BuildIndependentTargetsInParallel = 1;
				LastSwiftUpdateCheck = 1620;
				LastUpgradeCheck = 1620;
				TargetAttributes = {
					CF5C9728301EAB9000CAC4C8 = {
						CreatedOnToolsVersion = 16.2;
					};
					CF5C9738301EAB9400CAC4C8 = {
						CreatedOnToolsVersion = 16.2;
						TestTargetID = CF5C9728301EAB9000CAC4C8;
					};
					CF5C9742301EAB9500CAC4C8 = {
						CreatedOnToolsVersion = 16.2;
						TestTargetID = CF5C9728301EAB9000CAC4C8;
					};
				};
			};
			buildConfigurationList = CF5C9724301EAB9000CAC4C8 /* Build configuration list for PBXProject "The Lab" */;
			developmentRegion = en;
			hasScannedForEncodings = 0;
			knownRegions = (
				en,
				Base,
			);
			mainGroup = CF5C9720301EAB9000CAC4C8;
			minimizedProjectReferenceProxies = 1;
			preferredProjectObjectVersion = 77;
			productRefGroup = CF5C972A301EAB9000CAC4C8 /* Products */;
			projectDirPath = "";
			projectRoot = "";
			targets = (
				CF5C9728301EAB9000CAC4C8 /* The Lab */,
				CF5C9738301EAB9400CAC4C8 /* The LabTests */,
				CF5C9742301EAB9500CAC4C8 /* The LabUITests */,
			);
		};
/* End PBXProject section */

/* Begin PBXResourcesBuildPhase section */
		CF5C9727301EAB9000CAC4C8 /* Resources */ = {
			isa = PBXResourcesBuildPhase;
			buildActionMask = 2147483647;
			files = (
			);
			runOnlyForDeploymentPostprocessing = 0;
		};
		CF5C9737301EAB9400CAC4C8 /* Resources */ = {
			isa = PBXResourcesBuildPhase;
			buildActionMask = 2147483647;
			files = (
			);
			runOnlyForDeploymentPostprocessing = 0;
		};
		CF5C9741301EAB9500CAC4C8 /* Resources */ = {
			isa = PBXResourcesBuildPhase;
			buildActionMask = 2147483647;
			files = (
			);
			runOnlyForDeploymentPostprocessing = 0;
		};
/* End PBXResourcesBuildPhase section */

/* Begin PBXSourcesBuildPhase section */
		CF5C9725301EAB9000CAC4C8 /* Sources */ = {
			isa = PBXSourcesBuildPhase;
			buildActionMask = 2147483647;
			files = (
			);
			runOnlyForDeploymentPostprocessing = 0;
		};
		CF5C9735301EAB9400CAC4C8 /* Sources */ = {
			isa = PBXSourcesBuildPhase;
			buildActionMask = 2147483647;
			files = (
			);
			runOnlyForDeploymentPostprocessing = 0;
		};
		CF5C973F301EAB9500CAC4C8 /* Sources */ = {
			isa = PBXSourcesBuildPhase;
			buildActionMask = 2147483647;
			files = (
			);
			runOnlyForDeploymentPostprocessing = 0;
		};
/* End PBXSourcesBuildPhase section */

/* Begin PBXTargetDependency section */
		CF5C973B301EAB9400CAC4C8 /* PBXTargetDependency */ = {
			isa = PBXTargetDependency;
			target = CF5C9728301EAB9000CAC4C8 /* The Lab */;
			targetProxy = CF5C973A301EAB9400CAC4C8 /* PBXContainerItemProxy */;
		};
		CF5C9745301EAB9500CAC4C8 /* PBXTargetDependency */ = {
			isa = PBXTargetDependency;
			target = CF5C9728301EAB9000CAC4C8 /* The Lab */;
			targetProxy = CF5C9744301EAB9500CAC4C8 /* PBXContainerItemProxy */;
		};
/* End PBXTargetDependency section */

/* Begin XCBuildConfiguration section */
		CF5C974B301EAB9500CAC4C8 /* Debug */ = {
			isa = XCBuildConfiguration;
			buildSettings = {
				ALWAYS_SEARCH_USER_PATHS = NO;
				ASSETCATALOG_COMPILER_GENERATE_SWIFT_ASSET_SYMBOL_EXTENSIONS = YES;
				CLANG_ANALYZER_NONNULL = YES;
				CLANG_ANALYZER_NUMBER_OBJECT_CONVERSION = YES_AGGRESSIVE;
				CLANG_CXX_LANGUAGE_STANDARD = "gnu++20";
				CLANG_ENABLE_MODULES = YES;
				CLANG_ENABLE_OBJC_ARC = YES;
				CLANG_ENABLE_OBJC_WEAK = YES;
				CLANG_WARN_BLOCK_CAPTURE_AUTORELEASING = YES;
				CLANG_WARN_BOOL_CONVERSION = YES;
				CLANG_WARN_COMMA = YES;
				CLANG_WARN_CONSTANT_CONVERSION = YES;
				CLANG_WARN_DEPRECATED_OBJC_IMPLEMENTATIONS = YES;
				CLANG_WARN_DIRECT_OBJC_ISA_USAGE = YES_ERROR;
				CLANG_WARN_DOCUMENTATION_COMMENTS = YES;
				CLANG_WARN_EMPTY_BODY = YES;
				CLANG_WARN_ENUM_CONVERSION = YES;
				CLANG_WARN_INFINITE_RECURSION = YES;
				CLANG_WARN_INT_CONVERSION = YES;
				CLANG_WARN_NON_LITERAL_NULL_CONVERSION = YES;
				CLANG_WARN_OBJC_IMPLICIT_RETAIN_SELF = YES;
				CLANG_WARN_OBJC_LITERAL_CONVERSION = YES;
				CLANG_WARN_OBJC_ROOT_CLASS = YES_ERROR;
				CLANG_WARN_QUOTED_INCLUDE_IN_FRAMEWORK_HEADER = YES;
				CLANG_WARN_RANGE_LOOP_ANALYSIS = YES;
				CLANG_WARN_STRICT_PROTOTYPES = YES;
				CLANG_WARN_SUSPICIOUS_MOVE = YES;
				CLANG_WARN_UNGUARDED_AVAILABILITY = YES_AGGRESSIVE;
				CLANG_WARN_UNREACHABLE_CODE = YES;
				CLANG_WARN__DUPLICATE_METHOD_MATCH = YES;
				COPY_PHASE_STRIP = NO;
				DEBUG_INFORMATION_FORMAT = dwarf;
				ENABLE_STRICT_OBJC_MSGSEND = YES;
				ENABLE_TESTABILITY = YES;
				ENABLE_USER_SCRIPT_SANDBOXING = YES;
				GCC_C_LANGUAGE_STANDARD = gnu17;
				GCC_DYNAMIC_NO_PIC = NO;
				GCC_NO_COMMON_BLOCKS = YES;
				GCC_OPTIMIZATION_LEVEL = 0;
				GCC_PREPROCESSOR_DEFINITIONS = (
					"DEBUG=1",
					"$(inherited)",
				);
				GCC_WARN_64_TO_32_BIT_CONVERSION = YES;
				GCC_WARN_ABOUT_RETURN_TYPE = YES_ERROR;
				GCC_WARN_UNDECLARED_SELECTOR = YES;
				GCC_WARN_UNINITIALIZED_AUTOS = YES_AGGRESSIVE;
				GCC_WARN_UNUSED_FUNCTION = YES;
				GCC_WARN_UNUSED_VARIABLE = YES;
				IPHONEOS_DEPLOYMENT_TARGET = 18.2;
				LOCALIZATION_PREFERS_STRING_CATALOGS = YES;
				MTL_ENABLE_DEBUG_INFO = INCLUDE_SOURCE;
				MTL_FAST_MATH = YES;
				ONLY_ACTIVE_ARCH = YES;
				SDKROOT = iphoneos;
				SWIFT_ACTIVE_COMPILATION_CONDITIONS = "DEBUG $(inherited)";
				SWIFT_OPTIMIZATION_LEVEL = "-Onone";
			};
			name = Debug;
		};
		CF5C974C301EAB9500CAC4C8 /* Release */ = {
			isa = XCBuildConfiguration;
			buildSettings = {
				ALWAYS_SEARCH_USER_PATHS = NO;
				ASSETCATALOG_COMPILER_GENERATE_SWIFT_ASSET_SYMBOL_EXTENSIONS = YES;
				CLANG_ANALYZER_NONNULL = YES;
				CLANG_ANALYZER_NUMBER_OBJECT_CONVERSION = YES_AGGRESSIVE;
				CLANG_CXX_LANGUAGE_STANDARD = "gnu++20";
				CLANG_ENABLE_MODULES = YES;
				CLANG_ENABLE_OBJC_ARC = YES;
				CLANG_ENABLE_OBJC_WEAK = YES;
				CLANG_WARN_BLOCK_CAPTURE_AUTORELEASING = YES;
				CLANG_WARN_BOOL_CONVERSION = YES;
				CLANG_WARN_COMMA = YES;
				CLANG_WARN_CONSTANT_CONVERSION = YES;
				CLANG_WARN_DEPRECATED_OBJC_IMPLEMENTATIONS = YES;
				CLANG_WARN_DIRECT_OBJC_ISA_USAGE = YES_ERROR;
				CLANG_WARN_DOCUMENTATION_COMMENTS = YES;
				CLANG_WARN_EMPTY_BODY = YES;
				CLANG_WARN_ENUM_CONVERSION = YES;
				CLANG_WARN_INFINITE_RECURSION = YES;
				CLANG_WARN_INT_CONVERSION = YES;
				CLANG_WARN_NON_LITERAL_NULL_CONVERSION = YES;
				CLANG_WARN_OBJC_IMPLICIT_RETAIN_SELF = YES;
				CLANG_WARN_OBJC_LITERAL_CONVERSION = YES;
				CLANG_WARN_OBJC_ROOT_CLASS = YES_ERROR;
				CLANG_WARN_QUOTED_INCLUDE_IN_FRAMEWORK_HEADER = YES;
				CLANG_WARN_RANGE_LOOP_ANALYSIS = YES;
				CLANG_WARN_STRICT_PROTOTYPES = YES;
				CLANG_WARN_SUSPICIOUS_MOVE = YES;
				CLANG_WARN_UNGUARDED_AVAILABILITY = YES_AGGRESSIVE;
				CLANG_WARN_UNREACHABLE_CODE = YES;
				CLANG_WARN__DUPLICATE_METHOD_MATCH = YES;
				COPY_PHASE_STRIP = NO;
				DEBUG_INFORMATION_FORMAT = "dwarf-with-dsym";
				ENABLE_NS_ASSERTIONS = NO;
				ENABLE_STRICT_OBJC_MSGSEND = YES;
				ENABLE_USER_SCRIPT_SANDBOXING = YES;
				GCC_C_LANGUAGE_STANDARD = gnu17;
				GCC_NO_COMMON_BLOCKS = YES;
				GCC_WARN_64_TO_32_BIT_CONVERSION = YES;
				GCC_WARN_ABOUT_RETURN_TYPE = YES_ERROR;
				GCC_WARN_UNDECLARED_SELECTOR = YES;
				GCC_WARN_UNINITIALIZED_AUTOS = YES_AGGRESSIVE;
				GCC_WARN_UNUSED_FUNCTION = YES;
				GCC_WARN_UNUSED_VARIABLE = YES;
				IPHONEOS_DEPLOYMENT_TARGET = 18.2;
				LOCALIZATION_PREFERS_STRING_CATALOGS = YES;
				MTL_ENABLE_DEBUG_INFO = NO;
				MTL_FAST_MATH = YES;
				SDKROOT = iphoneos;
				SWIFT_COMPILATION_MODE = wholemodule;
				VALIDATE_PRODUCT = YES;
			};
			name = Release;
		};
		CF5C974E301EAB9500CAC4C8 /* Debug */ = {
			isa = XCBuildConfiguration;
			buildSettings = {
				ASSETCATALOG_COMPILER_APPICON_NAME = AppIcon;
				ASSETCATALOG_COMPILER_GLOBAL_ACCENT_COLOR_NAME = AccentColor;
				CODE_SIGN_STYLE = Automatic;
				CURRENT_PROJECT_VERSION = 1;
				DEVELOPMENT_ASSET_PATHS = "\"The Lab/Preview Content\"";
				DEVELOPMENT_TEAM = 75V6FTG2K2;
				ENABLE_PREVIEWS = YES;
				GENERATE_INFOPLIST_FILE = YES;
				INFOPLIST_KEY_UIApplicationSceneManifest_Generation = YES;
				INFOPLIST_KEY_UIApplicationSupportsIndirectInputEvents = YES;
				INFOPLIST_KEY_UILaunchScreen_Generation = YES;
				INFOPLIST_KEY_UISupportedInterfaceOrientations_iPad = "UIInterfaceOrientationPortrait UIInterfaceOrientationPortraitUpsideDown UIInterfaceOrientationLandscapeLeft UIInterfaceOrientationLandscapeRight";
				INFOPLIST_KEY_UISupportedInterfaceOrientations_iPhone = "UIInterfaceOrientationPortrait UIInterfaceOrientationLandscapeLeft UIInterfaceOrientationLandscapeRight";
				LD_RUNPATH_SEARCH_PATHS = (
					"$(inherited)",
					"@executable_path/Frameworks",
				);
				MARKETING_VERSION = 1.0;
				PRODUCT_BUNDLE_IDENTIFIER = "com.thelab.app.The-Lab";
				PRODUCT_NAME = "$(TARGET_NAME)";
				SWIFT_EMIT_LOC_STRINGS = YES;
				SWIFT_VERSION = 5.0;
				TARGETED_DEVICE_FAMILY = "1,2";
			};
			name = Debug;
		};
		CF5C974F301EAB9500CAC4C8 /* Release */ = {
			isa = XCBuildConfiguration;
			buildSettings = {
				ASSETCATALOG_COMPILER_APPICON_NAME = AppIcon;
				ASSETCATALOG_COMPILER_GLOBAL_ACCENT_COLOR_NAME = AccentColor;
				CODE_SIGN_STYLE = Automatic;
				CURRENT_PROJECT_VERSION = 1;
				DEVELOPMENT_ASSET_PATHS = "\"The Lab/Preview Content\"";
				DEVELOPMENT_TEAM = 75V6FTG2K2;
				ENABLE_PREVIEWS = YES;
				GENERATE_INFOPLIST_FILE = YES;
				INFOPLIST_KEY_UIApplicationSceneManifest_Generation = YES;
				INFOPLIST_KEY_UIApplicationSupportsIndirectInputEvents = YES;
				INFOPLIST_KEY_UILaunchScreen_Generation = YES;
				INFOPLIST_KEY_UISupportedInterfaceOrientations_iPad = "UIInterfaceOrientationPortrait UIInterfaceOrientationPortraitUpsideDown UIInterfaceOrientationLandscapeLeft UIInterfaceOrientationLandscapeRight";
				INFOPLIST_KEY_UISupportedInterfaceOrientations_iPhone = "UIInterfaceOrientationPortrait UIInterfaceOrientationLandscapeLeft UIInterfaceOrientationLandscapeRight";
				LD_RUNPATH_SEARCH_PATHS = (
					"$(inherited)",
					"@executable_path/Frameworks",
				);
				MARKETING_VERSION = 1.0;
				PRODUCT_BUNDLE_IDENTIFIER = "com.thelab.app.The-Lab";
				PRODUCT_NAME = "$(TARGET_NAME)";
				SWIFT_EMIT_LOC_STRINGS = YES;
				SWIFT_VERSION = 5.0;
				TARGETED_DEVICE_FAMILY = "1,2";
			};
			name = Release;
		};
		CF5C9751301EAB9500CAC4C8 /* Debug */ = {
			isa = XCBuildConfiguration;
			buildSettings = {
				BUNDLE_LOADER = "$(TEST_HOST)";
				CODE_SIGN_STYLE = Automatic;
				CURRENT_PROJECT_VERSION = 1;
				DEVELOPMENT_TEAM = 75V6FTG2K2;
				GENERATE_INFOPLIST_FILE = YES;
				IPHONEOS_DEPLOYMENT_TARGET = 18.2;
				MARKETING_VERSION = 1.0;
				PRODUCT_BUNDLE_IDENTIFIER = "com.thelab.app.The-LabTests";
				PRODUCT_NAME = "$(TARGET_NAME)";
				SWIFT_EMIT_LOC_STRINGS = NO;
				SWIFT_VERSION = 5.0;
				TARGETED_DEVICE_FAMILY = "1,2";
				TEST_HOST = "$(BUILT_PRODUCTS_DIR)/The Lab.app/$(BUNDLE_EXECUTABLE_FOLDER_PATH)/The Lab";
			};
			name = Debug;
		};
		CF5C9752301EAB9500CAC4C8 /* Release */ = {
			isa = XCBuildConfiguration;
			buildSettings = {
				BUNDLE_LOADER = "$(TEST_HOST)";
				CODE_SIGN_STYLE = Automatic;
				CURRENT_PROJECT_VERSION = 1;
				DEVELOPMENT_TEAM = 75V6FTG2K2;
				GENERATE_INFOPLIST_FILE = YES;
				IPHONEOS_DEPLOYMENT_TARGET = 18.2;
				MARKETING_VERSION = 1.0;
				PRODUCT_BUNDLE_IDENTIFIER = "com.thelab.app.The-LabTests";
				PRODUCT_NAME = "$(TARGET_NAME)";
				SWIFT_EMIT_LOC_STRINGS = NO;
				SWIFT_VERSION = 5.0;
				TARGETED_DEVICE_FAMILY = "1,2";
				TEST_HOST = "$(BUILT_PRODUCTS_DIR)/The Lab.app/$(BUNDLE_EXECUTABLE_FOLDER_PATH)/The Lab";
			};
			name = Release;
		};
		CF5C9754301EAB9500CAC4C8 /* Debug */ = {
			isa = XCBuildConfiguration;
			buildSettings = {
				CODE_SIGN_STYLE = Automatic;
				CURRENT_PROJECT_VERSION = 1;
				DEVELOPMENT_TEAM = 75V6FTG2K2;
				GENERATE_INFOPLIST_FILE = YES;
				MARKETING_VERSION = 1.0;
				PRODUCT_BUNDLE_IDENTIFIER = "com.thelab.app.The-LabUITests";
				PRODUCT_NAME = "$(TARGET_NAME)";
				SWIFT_EMIT_LOC_STRINGS = NO;
				SWIFT_VERSION = 5.0;
				TARGETED_DEVICE_FAMILY = "1,2";
				TEST_TARGET_NAME = "The Lab";
			};
			name = Debug;
		};
		CF5C9755301EAB9500CAC4C8 /* Release */ = {
			isa = XCBuildConfiguration;
			buildSettings = {
				CODE_SIGN_STYLE = Automatic;
				CURRENT_PROJECT_VERSION = 1;
				DEVELOPMENT_TEAM = 75V6FTG2K2;
				GENERATE_INFOPLIST_FILE = YES;
				MARKETING_VERSION = 1.0;
				PRODUCT_BUNDLE_IDENTIFIER = "com.thelab.app.The-LabUITests";
				PRODUCT_NAME = "$(TARGET_NAME)";
				SWIFT_EMIT_LOC_STRINGS = NO;
				SWIFT_VERSION = 5.0;
				TARGETED_DEVICE_FAMILY = "1,2";
				TEST_TARGET_NAME = "The Lab";
			};
			name = Release;
		};
/* End XCBuildConfiguration section */

/* Begin XCConfigurationList section */
		CF5C9724301EAB9000CAC4C8 /* Build configuration list for PBXProject "The Lab" */ = {
			isa = XCConfigurationList;
			buildConfigurations = (
				CF5C974B301EAB9500CAC4C8 /* Debug */,
				CF5C974C301EAB9500CAC4C8 /* Release */,
			);
			defaultConfigurationIsVisible = 0;
			defaultConfigurationName = Release;
		};
		CF5C974D301EAB9500CAC4C8 /* Build configuration list for PBXNativeTarget "The Lab" */ = {
			isa = XCConfigurationList;
			buildConfigurations = (
				CF5C974E301EAB9500CAC4C8 /* Debug */,
				CF5C974F301EAB9500CAC4C8 /* Release */,
			);
			defaultConfigurationIsVisible = 0;
			defaultConfigurationName = Release;
		};
		CF5C9750301EAB9500CAC4C8 /* Build configuration list for PBXNativeTarget "The LabTests" */ = {
			isa = XCConfigurationList;
			buildConfigurations = (
				CF5C9751301EAB9500CAC4C8 /* Debug */,
				CF5C9752301EAB9500CAC4C8 /* Release */,
			);
			defaultConfigurationIsVisible = 0;
			defaultConfigurationName = Release;
		};
		CF5C9753301EAB9500CAC4C8 /* Build configuration list for PBXNativeTarget "The LabUITests" */ = {
			isa = XCConfigurationList;
			buildConfigurations = (
				CF5C9754301EAB9500CAC4C8 /* Debug */,
				CF5C9755301EAB9500CAC4C8 /* Release */,
			);
			defaultConfigurationIsVisible = 0;
			defaultConfigurationName = Release;
		};
/* End XCConfigurationList section */
	};
	rootObject = CF5C9721301EAB9000CAC4C8 /* Project object */;
}
